
Microsoft Visual Studio Solution File, Format Version 12.00
# Visual Studio 2012
Project("{FAE04EC0-301F-11D3-BF4B-00C04F79EFBC}") = "ImageDivider", "ImageDivider\ImageDivider.csproj", "{385EAABB-5F06-468A-8FFE-5EAEDC5EA9A7}"
EndProject
Global
	GlobalSection(SolutionConfigurationPlatforms) = preSolution
		Debug|Any CPU = Debug|Any CPU
		Release|Any CPU = Release|Any CPU
	EndGlobalSection
	GlobalSection(ProjectConfigurationPlatforms) = postSolution
		{385EAABB-5F06-468A-8FFE-5EAEDC5EA9A7}.Debug|Any CPU.ActiveCfg = Debug|Any CPU
		{385EAABB-5F06-468A-8FFE-5EAEDC5EA9A7}.Debug|Any CPU.Build.0 = Debug|Any CPU
		{385EAABB-5F06-468A-8FFE-5EAEDC5EA9A7}.Release|Any CPU.ActiveCfg = Release|Any CPU
		{385EAABB-5F06-468A-8FFE-5EAEDC5EA9A7}.Release|Any CPU.Build.0 = Release|Any CPU
	EndGlobalSection
	GlobalSection(SolutionProperties) = preSolution
		HideSolutionNode = FALSE
	EndGlobalSection
EndGlobal
